
Microsoft Visual Studio Solution File, Format Version 12.00
# Visual Studio Version 16
VisualStudioVersion = 16.0.30330.147
MinimumVisualStudioVersion = 10.0.40219.1
Project("{FAE04EC0-301F-11D3-BF4B-00C04F79EFBC}") = "BTF.BiuGame.Web", "BiuGame后台管理系统\BTF.BiuGame.Web.csproj", "{9A5ECFD4-0F84-4344-91D2-324492AA7A98}"
EndProject
Project("{FAE04EC0-301F-11D3-BF4B-00C04F79EFBC}") = "DAL", "DAL\DAL.csproj", "{D2734F6F-5CD3-4FB8-922A-909C9D1F8500}"
EndProject
Project("{FAE04EC0-301F-11D3-BF4B-00C04F79EFBC}") = "BLL", "BLL\BLL.csproj", "{C22D9B1E-C81C-4959-A408-ACC5F18FC3D1}"
EndProject
Project("{FAE04EC0-301F-11D3-BF4B-00C04F79EFBC}") = "Model", "Model\Model.csproj", "{B9FA82E1-5005-41B5-96D1-FA5A277ECBC1}"
EndProject
Global
	GlobalSection(SolutionConfigurationPlatforms) = preSolution
		Debug|Any CPU = Debug|Any CPU
		Release|Any CPU = Release|Any CPU
	EndGlobalSection
	GlobalSection(ProjectConfigurationPlatforms) = postSolution
		{9A5ECFD4-0F84-4344-91D2-324492AA7A98}.Debug|Any CPU.ActiveCfg = Debug|Any CPU
		{9A5ECFD4-0F84-4344-91D2-324492AA7A98}.Debug|Any CPU.Build.0 = Debug|Any CPU
		{9A5ECFD4-0F84-4344-91D2-324492AA7A98}.Release|Any CPU.ActiveCfg = Release|Any CPU
		{9A5ECFD4-0F84-4344-91D2-324492AA7A98}.Release|Any CPU.Build.0 = Release|Any CPU
		{D2734F6F-5CD3-4FB8-922A-909C9D1F8500}.Debug|Any CPU.ActiveCfg = Debug|Any CPU
		{D2734F6F-5CD3-4FB8-922A-909C9D1F8500}.Debug|Any CPU.Build.0 = Debug|Any CPU
		{D2734F6F-5CD3-4FB8-922A-909C9D1F8500}.Release|Any CPU.ActiveCfg = Release|Any CPU
		{D2734F6F-5CD3-4FB8-922A-909C9D1F8500}.Release|Any CPU.Build.0 = Release|Any CPU
		{C22D9B1E-C81C-4959-A408-ACC5F18FC3D1}.Debug|Any CPU.ActiveCfg = Debug|Any CPU
		{C22D9B1E-C81C-4959-A408-ACC5F18FC3D1}.Debug|Any CPU.Build.0 = Debug|Any CPU
		{C22D9B1E-C81C-4959-A408-ACC5F18FC3D1}.Release|Any CPU.ActiveCfg = Release|Any CPU
		{C22D9B1E-C81C-4959-A408-ACC5F18FC3D1}.Release|Any CPU.Build.0 = Release|Any CPU
		{B9FA82E1-5005-41B5-96D1-FA5A277ECBC1}.Debug|Any CPU.ActiveCfg = Debug|Any CPU
		{B9FA82E1-5005-41B5-96D1-FA5A277ECBC1}.Debug|Any CPU.Build.0 = Debug|Any CPU
		{B9FA82E1-5005-41B5-96D1-FA5A277ECBC1}.Release|Any CPU.ActiveCfg = Release|Any CPU
		{B9FA82E1-5005-41B5-96D1-FA5A277ECBC1}.Release|Any CPU.Build.0 = Release|Any CPU
	EndGlobalSection
	GlobalSection(SolutionProperties) = preSolution
		HideSolutionNode = FALSE
	EndGlobalSection
	GlobalSection(ExtensibilityGlobals) = postSolution
		SolutionGuid = {04C9158C-B370-4E43-B314-69D095DA6D10}
	EndGlobalSection
EndGlobal
